# This file is generated by running "yarn install" inside your project.
# Manual changes might be lost - proceed with caution!

__metadata:
  version: 8
  cacheKey: 10c0

"@esbuild/android-arm64@npm:0.19.7":
  version: 0.19.7
  resolution: "@esbuild/android-arm64@npm:0.19.7"
  conditions: os=android & cpu=arm64
  languageName: node
  linkType: hard

"@esbuild/android-arm@npm:0.19.7":
  version: 0.19.7
  resolution: "@esbuild/android-arm@npm:0.19.7"
  conditions: os=android & cpu=arm
  languageName: node
  linkType: hard

"@esbuild/android-x64@npm:0.19.7":
  version: 0.19.7
  resolution: "@esbuild/android-x64@npm:0.19.7"
  conditions: os=android & cpu=x64
  languageName: node
  linkType: hard

"@esbuild/darwin-arm64@npm:0.19.7":
  version: 0.19.7
  resolution: "@esbuild/darwin-arm64@npm:0.19.7"
  conditions: os=darwin & cpu=arm64
  languageName: node
  linkType: hard

"@esbuild/darwin-x64@npm:0.19.7":
  version: 0.19.7
  resolution: "@esbuild/darwin-x64@npm:0.19.7"
  conditions: os=darwin & cpu=x64
  languageName: node
  linkType: hard

"@esbuild/freebsd-arm64@npm:0.19.7":
  version: 0.19.7
  resolution: "@esbuild/freebsd-arm64@npm:0.19.7"
  conditions: os=freebsd & cpu=arm64
  languageName: node
  linkType: hard

"@esbuild/freebsd-x64@npm:0.19.7":
  version: 0.19.7
  resolution: "@esbuild/freebsd-x64@npm:0.19.7"
  conditions: os=freebsd & cpu=x64
  languageName: node
  linkType: hard

"@esbuild/linux-arm64@npm:0.19.7":
  version: 0.19.7
  resolution: "@esbuild/linux-arm64@npm:0.19.7"
  conditions: os=linux & cpu=arm64
  languageName: node
  linkType: hard

"@esbuild/linux-arm@npm:0.19.7":
  version: 0.19.7
  resolution: "@esbuild/linux-arm@npm:0.19.7"
  conditions: os=linux & cpu=arm
  languageName: node
  linkType: hard

"@esbuild/linux-ia32@npm:0.19.7":
  version: 0.19.7
  resolution: "@esbuild/linux-ia32@npm:0.19.7"
  conditions: os=linux & cpu=ia32
  languageName: node
  linkType: hard

"@esbuild/linux-loong64@npm:0.19.7":
  version: 0.19.7
  resolution: "@esbuild/linux-loong64@npm:0.19.7"
  conditions: os=linux & cpu=loong64
  languageName: node
  linkType: hard

"@esbuild/linux-mips64el@npm:0.19.7":
  version: 0.19.7
  resolution: "@esbuild/linux-mips64el@npm:0.19.7"
  conditions: os=linux & cpu=mips64el
  languageName: node
  linkType: hard

"@esbuild/linux-ppc64@npm:0.19.7":
  version: 0.19.7
  resolution: "@esbuild/linux-ppc64@npm:0.19.7"
  conditions: os=linux & cpu=ppc64
  languageName: node
  linkType: hard

"@esbuild/linux-riscv64@npm:0.19.7":
  version: 0.19.7
  resolution: "@esbuild/linux-riscv64@npm:0.19.7"
  conditions: os=linux & cpu=riscv64
  languageName: node
  linkType: hard

"@esbuild/linux-s390x@npm:0.19.7":
  version: 0.19.7
  resolution: "@esbuild/linux-s390x@npm:0.19.7"
  conditions: os=linux & cpu=s390x
  languageName: node
  linkType: hard

"@esbuild/linux-x64@npm:0.19.7":
  version: 0.19.7
  resolution: "@esbuild/linux-x64@npm:0.19.7"
  conditions: os=linux & cpu=x64
  languageName: node
  linkType: hard

"@esbuild/netbsd-x64@npm:0.19.7":
  version: 0.19.7
  resolution: "@esbuild/netbsd-x64@npm:0.19.7"
  conditions: os=netbsd & cpu=x64
  languageName: node
  linkType: hard

"@esbuild/openbsd-x64@npm:0.19.7":
  version: 0.19.7
  resolution: "@esbuild/openbsd-x64@npm:0.19.7"
  conditions: os=openbsd & cpu=x64
  languageName: node
  linkType: hard

"@esbuild/sunos-x64@npm:0.19.7":
  version: 0.19.7
  resolution: "@esbuild/sunos-x64@npm:0.19.7"
  conditions: os=sunos & cpu=x64
  languageName: node
  linkType: hard

"@esbuild/win32-arm64@npm:0.19.7":
  version: 0.19.7
  resolution: "@esbuild/win32-arm64@npm:0.19.7"
  conditions: os=win32 & cpu=arm64
  languageName: node
  linkType: hard

"@esbuild/win32-ia32@npm:0.19.7":
  version: 0.19.7
  resolution: "@esbuild/win32-ia32@npm:0.19.7"
  conditions: os=win32 & cpu=ia32
  languageName: node
  linkType: hard

"@esbuild/win32-x64@npm:0.19.7":
  version: 0.19.7
  resolution: "@esbuild/win32-x64@npm:0.19.7"
  conditions: os=win32 & cpu=x64
  languageName: node
  linkType: hard

"date-fns@npm:^2.19.0":
  version: 2.28.0
  resolution: "date-fns@npm:2.28.0"
  checksum: ecdacd36326e7f5f8c4f1e78ae931a8997109f1c841f5163053b866585ca899521b0e7a114eeb48a9fe5135a550787bd4bbd8baa321cded0b4d823f847889a80
  languageName: node
  linkType: hard

"esbuild@npm:^0.19.7":
  version: 0.19.7
  resolution: "esbuild@npm:0.19.7"
  dependencies:
    "@esbuild/android-arm": "npm:0.19.7"
    "@esbuild/android-arm64": "npm:0.19.7"
    "@esbuild/android-x64": "npm:0.19.7"
    "@esbuild/darwin-arm64": "npm:0.19.7"
    "@esbuild/darwin-x64": "npm:0.19.7"
    "@esbuild/freebsd-arm64": "npm:0.19.7"
    "@esbuild/freebsd-x64": "npm:0.19.7"
    "@esbuild/linux-arm": "npm:0.19.7"
    "@esbuild/linux-arm64": "npm:0.19.7"
    "@esbuild/linux-ia32": "npm:0.19.7"
    "@esbuild/linux-loong64": "npm:0.19.7"
    "@esbuild/linux-mips64el": "npm:0.19.7"
    "@esbuild/linux-ppc64": "npm:0.19.7"
    "@esbuild/linux-riscv64": "npm:0.19.7"
    "@esbuild/linux-s390x": "npm:0.19.7"
    "@esbuild/linux-x64": "npm:0.19.7"
    "@esbuild/netbsd-x64": "npm:0.19.7"
    "@esbuild/openbsd-x64": "npm:0.19.7"
    "@esbuild/sunos-x64": "npm:0.19.7"
    "@esbuild/win32-arm64": "npm:0.19.7"
    "@esbuild/win32-ia32": "npm:0.19.7"
    "@esbuild/win32-x64": "npm:0.19.7"
  dependenciesMeta:
    "@esbuild/android-arm":
      optional: true
    "@esbuild/android-arm64":
      optional: true
    "@esbuild/android-x64":
      optional: true
    "@esbuild/darwin-arm64":
      optional: true
    "@esbuild/darwin-x64":
      optional: true
    "@esbuild/freebsd-arm64":
      optional: true
    "@esbuild/freebsd-x64":
      optional: true
    "@esbuild/linux-arm":
      optional: true
    "@esbuild/linux-arm64":
      optional: true
    "@esbuild/linux-ia32":
      optional: true
    "@esbuild/linux-loong64":
      optional: true
    "@esbuild/linux-mips64el":
      optional: true
    "@esbuild/linux-ppc64":
      optional: true
    "@esbuild/linux-riscv64":
      optional: true
    "@esbuild/linux-s390x":
      optional: true
    "@esbuild/linux-x64":
      optional: true
    "@esbuild/netbsd-x64":
      optional: true
    "@esbuild/openbsd-x64":
      optional: true
    "@esbuild/sunos-x64":
      optional: true
    "@esbuild/win32-arm64":
      optional: true
    "@esbuild/win32-ia32":
      optional: true
    "@esbuild/win32-x64":
      optional: true
  bin:
    esbuild: bin/esbuild
  checksum: ec72d9523559005cf9d15c9c9295406633a0c38a20b63d76f22de211902d4cfbe1bfc713a19b4125355cbde5cdf80a1702c13f20cdc035fdbe7aa52d706de59c
  languageName: node
  linkType: hard

"gantt-chart-grid@workspace:.":
  version: 0.0.0-use.local
  resolution: "gantt-chart-grid@workspace:."
  dependencies:
    date-fns: "npm:^2.19.0"
    esbuild: "npm:^0.19.7"
    react: "npm:^18.2.0"
    react-dom: "npm:^18.2.0"
  languageName: unknown
  linkType: soft

"js-tokens@npm:^3.0.0 || ^4.0.0":
  version: 4.0.0
  resolution: "js-tokens@npm:4.0.0"
  checksum: e248708d377aa058eacf2037b07ded847790e6de892bbad3dac0abba2e759cb9f121b00099a65195616badcb6eca8d14d975cb3e89eb1cfda644756402c8aeed
  languageName: node
  linkType: hard

"loose-envify@npm:^1.1.0":
  version: 1.4.0
  resolution: "loose-envify@npm:1.4.0"
  dependencies:
    js-tokens: "npm:^3.0.0 || ^4.0.0"
  bin:
    loose-envify: cli.js
  checksum: 655d110220983c1a4b9c0c679a2e8016d4b67f6e9c7b5435ff5979ecdb20d0813f4dec0a08674fcbdd4846a3f07edbb50a36811fd37930b94aaa0d9daceb017e
  languageName: node
  linkType: hard

"react-dom@npm:^18.2.0":
  version: 18.2.0
  resolution: "react-dom@npm:18.2.0"
  dependencies:
    loose-envify: "npm:^1.1.0"
    scheduler: "npm:^0.23.0"
  peerDependencies:
    react: ^18.2.0
  checksum: 66dfc5f93e13d0674e78ef41f92ed21dfb80f9c4ac4ac25a4b51046d41d4d2186abc915b897f69d3d0ebbffe6184e7c5876f2af26bfa956f179225d921be713a
  languageName: node
  linkType: hard

"react@npm:^18.2.0":
  version: 18.2.0
  resolution: "react@npm:18.2.0"
  dependencies:
    loose-envify: "npm:^1.1.0"
  checksum: b562d9b569b0cb315e44b48099f7712283d93df36b19a39a67c254c6686479d3980b7f013dc931f4a5a3ae7645eae6386b4aa5eea933baa54ecd0f9acb0902b8
  languageName: node
  linkType: hard

"scheduler@npm:^0.23.0":
  version: 0.23.0
  resolution: "scheduler@npm:0.23.0"
  dependencies:
    loose-envify: "npm:^1.1.0"
  checksum: b777f7ca0115e6d93e126ac490dbd82642d14983b3079f58f35519d992fa46260be7d6e6cede433a92db70306310c6f5f06e144f0e40c484199e09c1f7be53dd
  languageName: node
  linkType: hard
